// !$*UTF8*$!
{
	archiveVersion = 1;
	classes = {
	};
	objectVersion = 50;
	objects = {

/* Begin PBXBuildFile section */
		290137EA26C6AD0400E61C55 /* AppDelegate.swift in Sources */ = {isa = PBXBuildFile; fileRef = 290137E926C6AD0400E61C55 /* AppDelegate.swift */; };
		290137EC26C6AD0400E61C55 /* SceneDelegate.swift in Sources */ = {isa = PBXBuildFile; fileRef = 290137EB26C6AD0400E61C55 /* SceneDelegate.swift */; };
		290137EE26C6AD0400E61C55 /* ViewController.swift in Sources */ = {isa = PBXBuildFile; fileRef = 290137ED26C6AD0400E61C55 /* ViewController.swift */; };
		290137F126C6AD0400E61C55 /* Main.storyboard in Resources */ = {isa = PBXBuildFile; fileRef = 290137EF26C6AD0400E61C55 /* Main.storyboard */; };
		290137F326C6AD0F00E61C55 /* Assets.xcassets in Resources */ = {isa = PBXBuildFile; fileRef = 290137F226C6AD0F00E61C55 /* Assets.xcassets */; };
		290137F626C6AD0F00E61C55 /* LaunchScreen.storyboard in Resources */ = {isa = PBXBuildFile; fileRef = 290137F426C6AD0F00E61C55 /* LaunchScreen.storyboard */; };
		2901380A26C6E32000E61C55 /* videoplayback-1.mp4 in Resources */ = {isa = PBXBuildFile; fileRef = 2901380526C6E31E00E61C55 /* videoplayback-1.mp4 */; };
/* End PBXBuildFile section */

/* Begin PBXFileReference section */
		290137E626C6AD0400E61C55 /* Demo_025.app */ = {isa = PBXFileReference; explicitFileType = wrapper.application; includeInIndex = 0; path = Demo_025.app; sourceTree = BUILT_PRODUCTS_DIR; };
		290137E926C6AD0400E61C55 /* AppDelegate.swift */ = {isa = PBXFileReference; lastKnownFileType = sourcecode.swift; path = AppDelegate.swift; sourceTree = "<group>"; };
		290137EB26C6AD0400E61C55 /* SceneDelegate.swift */ = {isa = PBXFileReference; lastKnownFileType = sourcecode.swift; path = SceneDelegate.swift; sourceTree = "<group>"; };
		290137ED26C6AD0400E61C55 /* ViewController.swift */ = {isa = PBXFileReference; lastKnownFileType = sourcecode.swift; path = ViewController.swift; sourceTree = "<group>"; };
		290137F026C6AD0400E61C55 /* Base */ = {isa = PBXFileReference; lastKnownFileType = file.storyboard; name = Base; path = Base.lproj/Main.storyboard; sourceTree = "<group>"; };
		290137F226C6AD0F00E61C55 /* Assets.xcassets */ = {isa = PBXFileReference; lastKnownFileType = folder.assetcatalog; path = Assets.xcassets; sourceTree = "<group>"; };
		290137F526C6AD0F00E61C55 /* Base */ = {isa = PBXFileReference; lastKnownFileType = file.storyboard; name = Base; path = Base.lproj/LaunchScreen.storyboard; sourceTree = "<group>"; };
		290137F726C6AD0F00E61C55 /* Info.plist */ = {isa = PBXFileReference; lastKnownFileType = text.plist.xml; path = Info.plist; sourceTree = "<group>"; };
		2901380526C6E31E00E61C55 /* videoplayback-1.mp4 */ = {isa = PBXFileReference; lastKnownFileType = file; path = "videoplayback-1.mp4"; sourceTree = "<group>"; };
/* End PBXFileReference section */

/* Begin PBXFrameworksBuildPhase section */
		290137E326C6AD0400E61C55 /* Frameworks */ = {
			isa = PBXFrameworksBuildPhase;
			buildActionMask = 2147483647;
			files = (
			);
			runOnlyForDeploymentPostprocessing = 0;
		};
/* End PBXFrameworksBuildPhase section */

/* Begin PBXGroup section */
		290137DD26C6AD0300E61C55 = {
			isa = PBXGroup;
			children = (
				290137E826C6AD0400E61C55 /* Demo_025 */,
				290137E726C6AD0400E61C55 /* Products */,
			);
			sourceTree = "<group>";
		};
		290137E726C6AD0400E61C55 /* Products */ = {
			isa = PBXGroup;
			children = (
				290137E626C6AD0400E61C55 /* Demo_025.app */,
			);
			name = Products;
			sourceTree = "<group>";
		};
		290137E826C6AD0400E61C55 /* Demo_025 */ = {
			isa = PBXGroup;
			children = (
				290137E926C6AD0400E61C55 /* AppDelegate.swift */,
				290137EB26C6AD0400E61C55 /* SceneDelegate.swift */,
				290137ED26C6AD0400E61C55 /* ViewController.swift */,
				290137EF26C6AD0400E61C55 /* Main.storyboard */,
				290137F226C6AD0F00E61C55 /* Assets.xcassets */,
				2901380526C6E31E00E61C55 /* videoplayback-1.mp4 */,
				290137F426C6AD0F00E61C55 /* LaunchScreen.storyboard */,
				290137F726C6AD0F00E61C55 /* Info.plist */,
			);
			path = Demo_025;
			sourceTree = "<group>";
		};
/* End PBXGroup section */

/* Begin PBXNativeTarget section */
		290137E526C6AD0400E61C55 /* Demo_025 */ = {
			isa = PBXNativeTarget;
			buildConfigurationList = 290137FA26C6AD0F00E61C55 /* Build configuration list for PBXNativeTarget "Demo_025" */;
			buildPhases = (
				290137E226C6AD0400E61C55 /* Sources */,
				290137E326C6AD0400E61C55 /* Frameworks */,
				290137E426C6AD0400E61C55 /* Resources */,
			);
			buildRules = (
			);
			dependencies = (
			);
			name = Demo_025;
			productName = Demo_025;
			productReference = 290137E626C6AD0400E61C55 /* Demo_025.app */;
			productType = "com.apple.product-type.application";
		};
/* End PBXNativeTarget section */

/* Begin PBXProject section */
		290137DE26C6AD0300E61C55 /* Project object */ = {
			isa = PBXProject;
			attributes = {
				LastSwiftUpdateCheck = 1250;
				LastUpgradeCheck = 1250;
				TargetAttributes = {
					290137E526C6AD0400E61C55 = {
						CreatedOnToolsVersion = 12.5;
					};
				};
			};
			buildConfigurationList = 290137E126C6AD0300E61C55 /* Build configuration list for PBXProject "Demo_025" */;
			compatibilityVersion = "Xcode 9.3";
			developmentRegion = en;
			hasScannedForEncodings = 0;
			knownRegions = (
				en,
				Base,
			);
			mainGroup = 290137DD26C6AD0300E61C55;
			productRefGroup = 290137E726C6AD0400E61C55 /* Products */;
			projectDirPath = "";
			projectRoot = "";
			targets = (
				290137E526C6AD0400E61C55 /* Demo_025 */,
			);
		};
/* End PBXProject section */

/* Begin PBXResourcesBuildPhase section */
		290137E426C6AD0400E61C55 /* Resources */ = {
			isa = PBXResourcesBuildPhase;
			buildActionMask = 2147483647;
			files = (
				290137F626C6AD0F00E61C55 /* LaunchScreen.storyboard in Resources */,
				290137F326C6AD0F00E61C55 /* Assets.xcassets in Resources */,
				2901380A26C6E32000E61C55 /* videoplayback-1.mp4 in Resources */,
				290137F126C6AD0400E61C55 /* Main.storyboard in Resources */,
			);
			runOnlyForDeploymentPostprocessing = 0;
		};
/* End PBXResourcesBuildPhase section */

/* Begin PBXSourcesBuildPhase section */
		290137E226C6AD0400E61C55 /* Sources */ = {
			isa = PBXSourcesBuildPhase;
			buildActionMask = 2147483647;
			files = (
				290137EE26C6AD0400E61C55 /* ViewController.swift in Sources */,
				290137EA26C6AD0400E61C55 /* AppDelegate.swift in Sources */,
				290137EC26C6AD0400E61C55 /* SceneDelegate.swift in Sources */,
			);
			runOnlyForDeploymentPostprocessing = 0;
		};
/* End PBXSourcesBuildPhase section */

/* Begin PBXVariantGroup section */
		290137EF26C6AD0400E61C55 /* Main.storyboard */ = {
			isa = PBXVariantGroup;
			children = (
				290137F026C6AD0400E61C55 /* Base */,
			);
			name = Main.storyboard;
			sourceTree = "<group>";
		};
		290137F426C6AD0F00E61C55 /* LaunchScreen.storyboard */ = {
			isa = PBXVariantGroup;
			children = (
				290137F526C6AD0F00E61C55 /* Base */,
			);
			name = LaunchScreen.storyboard;
			sourceTree = "<group>";
		};
/* End PBXVariantGroup section */

/* Begin XCBuildConfiguration section */
		290137F826C6AD0F00E61C55 /* Debug */ = {
			isa = XCBuildConfiguration;
			buildSettings = {
				ALWAYS_SEARCH_USER_PATHS = NO;
				CLANG_ANALYZER_NONNULL = YES;
				CLANG_ANALYZER_NUMBER_OBJECT_CONVERSION = YES_AGGRESSIVE;
				CLANG_CXX_LANGUAGE_STANDARD = "gnu++14";
				CLANG_CXX_LIBRARY = "libc++";
				CLANG_ENABLE_MODULES = YES;
				CLANG_ENABLE_OBJC_ARC = YES;
				CLANG_ENABLE_OBJC_WEAK = YES;
				CLANG_WARN_BLOCK_CAPTURE_AUTORELEASING = YES;
				CLANG_WARN_BOOL_CONVERSION = YES;
				CLANG_WARN_COMMA = YES;
				CLANG_WARN_CONSTANT_CONVERSION = YES;
				CLANG_WARN_DEPRECATED_OBJC_IMPLEMENTATIONS = YES;
				CLANG_WARN_DIRECT_OBJC_ISA_USAGE = YES_ERROR;
				CLANG_WARN_DOCUMENTATION_COMMENTS = YES;
				CLANG_WARN_EMPTY_BODY = YES;
				CLANG_WARN_ENUM_CONVERSION = YES;
				CLANG_WARN_INFINITE_RECURSION = YES;
				CLANG_WARN_INT_CONVERSION = YES;
				CLANG_WARN_NON_LITERAL_NULL_CONVERSION = YES;
				CLANG_WARN_OBJC_IMPLICIT_RETAIN_SELF = YES;
				CLANG_WARN_OBJC_LITERAL_CONVERSION = YES;
				CLANG_WARN_OBJC_ROOT_CLASS = YES_ERROR;
				CLANG_WARN_QUOTED_INCLUDE_IN_FRAMEWORK_HEADER = YES;
				CLANG_WARN_RANGE_LOOP_ANALYSIS = YES;
				CLANG_WARN_STRICT_PROTOTYPES = YES;
				CLANG_WARN_SUSPICIOUS_MOVE = YES;
				CLANG_WARN_UNGUARDED_AVAILABILITY = YES_AGGRESSIVE;
				CLANG_WARN_UNREACHABLE_CODE = YES;
				CLANG_WARN__DUPLICATE_METHOD_MATCH = YES;
				COPY_PHASE_STRIP = NO;
				DEBUG_INFORMATION_FORMAT = dwarf;
				ENABLE_STRICT_OBJC_MSGSEND = YES;
				ENABLE_TESTABILITY = YES;
				GCC_C_LANGUAGE_STANDARD = gnu11;
				GCC_DYNAMIC_NO_PIC = NO;
				GCC_NO_COMMON_BLOCKS = YES;
				GCC_OPTIMIZATION_LEVEL = 0;
				GCC_PREPROCESSOR_DEFINITIONS = (
					"DEBUG=1",
					"$(inherited)",
				);
				GCC_WARN_64_TO_32_BIT_CONVERSION = YES;
				GCC_WARN_ABOUT_RETURN_TYPE = YES_ERROR;
				GCC_WARN_UNDECLARED_SELECTOR = YES;
				GCC_WARN_UNINITIALIZED_AUTOS = YES_AGGRESSIVE;
				GCC_WARN_UNUSED_FUNCTION = YES;
				GCC_WARN_UNUSED_VARIABLE = YES;
				IPHONEOS_DEPLOYMENT_TARGET = 14.5;
				MTL_ENABLE_DEBUG_INFO = INCLUDE_SOURCE;
				MTL_FAST_MATH = YES;
				ONLY_ACTIVE_ARCH = YES;
				SDKROOT = iphoneos;
				SWIFT_ACTIVE_COMPILATION_CONDITIONS = DEBUG;
				SWIFT_OPTIMIZATION_LEVEL = "-Onone";
			};
			name = Debug;
		};
		290137F926C6AD0F00E61C55 /* Release */ = {
			isa = XCBuildConfiguration;
			buildSettings = {
				ALWAYS_SEARCH_USER_PATHS = NO;
				CLANG_ANALYZER_NONNULL = YES;
				CLANG_ANALYZER_NUMBER_OBJECT_CONVERSION = YES_AGGRESSIVE;
				CLANG_CXX_LANGUAGE_STANDARD = "gnu++14";
				CLANG_CXX_LIBRARY = "libc++";
				CLANG_ENABLE_MODULES = YES;
				CLANG_ENABLE_OBJC_ARC = YES;
				CLANG_ENABLE_OBJC_WEAK = YES;
				CLANG_WARN_BLOCK_CAPTURE_AUTORELEASING = YES;
				CLANG_WARN_BOOL_CONVERSION = YES;
				CLANG_WARN_COMMA = YES;
				CLANG_WARN_CONSTANT_CONVERSION = YES;
				CLANG_WARN_DEPRECATED_OBJC_IMPLEMENTATIONS = YES;
				CLANG_WARN_DIRECT_OBJC_ISA_USAGE = YES_ERROR;
				CLANG_WARN_DOCUMENTATION_COMMENTS = YES;
				CLANG_WARN_EMPTY_BODY = YES;
				CLANG_WARN_ENUM_CONVERSION = YES;
				CLANG_WARN_INFINITE_RECURSION = YES;
				CLANG_WARN_INT_CONVERSION = YES;
				CLANG_WARN_NON_LITERAL_NULL_CONVERSION = YES;
				CLANG_WARN_OBJC_IMPLICIT_RETAIN_SELF = YES;
				CLANG_WARN_OBJC_LITERAL_CONVERSION = YES;
				CLANG_WARN_OBJC_ROOT_CLASS = YES_ERROR;
				CLANG_WARN_QUOTED_INCLUDE_IN_FRAMEWORK_HEADER = YES;
				CLANG_WARN_RANGE_LOOP_ANALYSIS = YES;
				CLANG_WARN_STRICT_PROTOTYPES = YES;
				CLANG_WARN_SUSPICIOUS_MOVE = YES;
				CLANG_WARN_UNGUARDED_AVAILABILITY = YES_AGGRESSIVE;
				CLANG_WARN_UNREACHABLE_CODE = YES;
				CLANG_WARN__DUPLICATE_METHOD_MATCH = YES;
				COPY_PHASE_STRIP = NO;
				DEBUG_INFORMATION_FORMAT = "dwarf-with-dsym";
				ENABLE_NS_ASSERTIONS = NO;
				ENABLE_STRICT_OBJC_MSGSEND = YES;
				GCC_C_LANGUAGE_STANDARD = gnu11;
				GCC_NO_COMMON_BLOCKS = YES;
				GCC_WARN_64_TO_32_BIT_CONVERSION = YES;
				GCC_WARN_ABOUT_RETURN_TYPE = YES_ERROR;
				GCC_WARN_UNDECLARED_SELECTOR = YES;
				GCC_WARN_UNINITIALIZED_AUTOS = YES_AGGRESSIVE;
				GCC_WARN_UNUSED_FUNCTION = YES;
				GCC_WARN_UNUSED_VARIABLE = YES;
				IPHONEOS_DEPLOYMENT_TARGET = 14.5;
				MTL_ENABLE_DEBUG_INFO = NO;
				MTL_FAST_MATH = YES;
				SDKROOT = iphoneos;
				SWIFT_COMPILATION_MODE = wholemodule;
				SWIFT_OPTIMIZATION_LEVEL = "-O";
				VALIDATE_PRODUCT = YES;
			};
			name = Release;
		};
		290137FB26C6AD0F00E61C55 /* Debug */ = {
			isa = XCBuildConfiguration;
			buildSettings = {
				ASSETCATALOG_COMPILER_APPICON_NAME = AppIcon;
				ASSETCATALOG_COMPILER_GLOBAL_ACCENT_COLOR_NAME = AccentColor;
				CODE_SIGN_STYLE = Automatic;
				DEVELOPMENT_TEAM = VWDLUM96X8;
				INFOPLIST_FILE = Demo_025/Info.plist;
				LD_RUNPATH_SEARCH_PATHS = (
					"$(inherited)",
					"@executable_path/Frameworks",
				);
				PRODUCT_BUNDLE_IDENTIFIER = "ClcStudio.Demo-025";
				PRODUCT_NAME = "$(TARGET_NAME)";
				SWIFT_VERSION = 5.0;
				TARGETED_DEVICE_FAMILY = "1,2";
			};
			name = Debug;
		};
		290137FC26C6AD0F00E61C55 /* Release */ = {
			isa = XCBuildConfiguration;
			buildSettings = {
				ASSETCATALOG_COMPILER_APPICON_NAME = AppIcon;
				ASSETCATALOG_COMPILER_GLOBAL_ACCENT_COLOR_NAME = AccentColor;
				CODE_SIGN_STYLE = Automatic;
				DEVELOPMENT_TEAM = VWDLUM96X8;
				INFOPLIST_FILE = Demo_025/Info.plist;
				LD_RUNPATH_SEARCH_PATHS = (
					"$(inherited)",
					"@executable_path/Frameworks",
				);
				PRODUCT_BUNDLE_IDENTIFIER = "ClcStudio.Demo-025";
				PRODUCT_NAME = "$(TARGET_NAME)";
				SWIFT_VERSION = 5.0;
				TARGETED_DEVICE_FAMILY = "1,2";
			};
			name = Release;
		};
/* End XCBuildConfiguration section */

/* Begin XCConfigurationList section */
		290137E126C6AD0300E61C55 /* Build configuration list for PBXProject "Demo_025" */ = {
			isa = XCConfigurationList;
			buildConfigurations = (
				290137F826C6AD0F00E61C55 /* Debug */,
				290137F926C6AD0F00E61C55 /* Release */,
			);
			defaultConfigurationIsVisible = 0;
			defaultConfigurationName = Release;
		};
		290137FA26C6AD0F00E61C55 /* Build configuration list for PBXNativeTarget "Demo_025" */ = {
			isa = XCConfigurationList;
			buildConfigurations = (
				290137FB26C6AD0F00E61C55 /* Debug */,
				290137FC26C6AD0F00E61C55 /* Release */,
			);
			defaultConfigurationIsVisible = 0;
			defaultConfigurationName = Release;
		};
/* End XCConfigurationList section */
	};
	rootObject = 290137DE26C6AD0300E61C55 /* Project object */;
}
